
Microsoft Visual Studio Solution File, Format Version 12.00
# Visual Studio Version 17
VisualStudioVersion = 17.7.34003.232
MinimumVisualStudioVersion = 10.0.40219.1
Project("{9A19103F-16F7-4668-BE54-9A1E7A4F7556}") = "CakeWorldGurugram", "CakeWorldGurugram.csproj", "{2ADED722-C05C-44AB-8802-8FB3E35F2834}"
EndProject
Project("{2150E333-8FDC-42A3-9474-1A3956D46DE8}") = "DAL", "DAL", "{93120A5C-F6FC-4AAD-A061-A8A7BF11C74B}"
EndProject
Project("{2150E333-8FDC-42A3-9474-1A3956D46DE8}") = "BAL", "BAL", "{A994C11C-BC80-4934-AD4F-93E3B9B865D4}"
EndProject
Project("{9A19103F-16F7-4668-BE54-9A1E7A4F7556}") = "BAL", "..\BAL\BAL.csproj", "{6EC64D85-840B-4BA6-A80B-CC31848B172C}"
EndProject
Project("{9A19103F-16F7-4668-BE54-9A1E7A4F7556}") = "DAL", "..\DAL\DAL.csproj", "{3F6FB69B-9D27-43D9-8FDD-2A011A6B5898}"
EndProject
Project("{2150E333-8FDC-42A3-9474-1A3956D46DE8}") = "BOL", "BOL", "{F4C5AB06-390E-49F2-BC2F-B61C94352094}"
EndProject
Project("{9A19103F-16F7-4668-BE54-9A1E7A4F7556}") = "BOL", "..\BOL\BOL.csproj", "{0385E5C2-6D08-49BE-80B6-7D703EA124E8}"
EndProject
Project("{2150E333-8FDC-42A3-9474-1A3956D46DE8}") = "PRESENTATIONLAYER", "PRESENTATIONLAYER", "{47068B42-0655-4B31-B004-BB4B67DDEA53}"
EndProject
Project("{2150E333-8FDC-42A3-9474-1A3956D46DE8}") = "MODULE", "MODULE", "{1319625B-DD54-4FE7-8EEF-47988D1BA3B7}"
EndProject
Project("{FAE04EC0-301F-11D3-BF4B-00C04F79EFBC}") = "CAKEDATA", "..\CAKEDATA\CAKEDATA.csproj", "{B33945B9-4BE7-4ADD-8C9D-3D07F22DA654}"
EndProject
Global
	GlobalSection(SolutionConfigurationPlatforms) = preSolution
		Debug|Any CPU = Debug|Any CPU
		Release|Any CPU = Release|Any CPU
	EndGlobalSection
	GlobalSection(ProjectConfigurationPlatforms) = postSolution
		{2ADED722-C05C-44AB-8802-8FB3E35F2834}.Debug|Any CPU.ActiveCfg = Debug|Any CPU
		{2ADED722-C05C-44AB-8802-8FB3E35F2834}.Debug|Any CPU.Build.0 = Debug|Any CPU
		{2ADED722-C05C-44AB-8802-8FB3E35F2834}.Release|Any CPU.ActiveCfg = Release|Any CPU
		{2ADED722-C05C-44AB-8802-8FB3E35F2834}.Release|Any CPU.Build.0 = Release|Any CPU
		{6EC64D85-840B-4BA6-A80B-CC31848B172C}.Debug|Any CPU.ActiveCfg = Debug|Any CPU
		{6EC64D85-840B-4BA6-A80B-CC31848B172C}.Debug|Any CPU.Build.0 = Debug|Any CPU
		{6EC64D85-840B-4BA6-A80B-CC31848B172C}.Release|Any CPU.ActiveCfg = Release|Any CPU
		{6EC64D85-840B-4BA6-A80B-CC31848B172C}.Release|Any CPU.Build.0 = Release|Any CPU
		{3F6FB69B-9D27-43D9-8FDD-2A011A6B5898}.Debug|Any CPU.ActiveCfg = Debug|Any CPU
		{3F6FB69B-9D27-43D9-8FDD-2A011A6B5898}.Debug|Any CPU.Build.0 = Debug|Any CPU
		{3F6FB69B-9D27-43D9-8FDD-2A011A6B5898}.Release|Any CPU.ActiveCfg = Release|Any CPU
		{3F6FB69B-9D27-43D9-8FDD-2A011A6B5898}.Release|Any CPU.Build.0 = Release|Any CPU
		{0385E5C2-6D08-49BE-80B6-7D703EA124E8}.Debug|Any CPU.ActiveCfg = Debug|Any CPU
		{0385E5C2-6D08-49BE-80B6-7D703EA124E8}.Debug|Any CPU.Build.0 = Debug|Any CPU
		{0385E5C2-6D08-49BE-80B6-7D703EA124E8}.Release|Any CPU.ActiveCfg = Release|Any CPU
		{0385E5C2-6D08-49BE-80B6-7D703EA124E8}.Release|Any CPU.Build.0 = Release|Any CPU
		{B33945B9-4BE7-4ADD-8C9D-3D07F22DA654}.Debug|Any CPU.ActiveCfg = Debug|Any CPU
		{B33945B9-4BE7-4ADD-8C9D-3D07F22DA654}.Debug|Any CPU.Build.0 = Debug|Any CPU
		{B33945B9-4BE7-4ADD-8C9D-3D07F22DA654}.Release|Any CPU.ActiveCfg = Release|Any CPU
		{B33945B9-4BE7-4ADD-8C9D-3D07F22DA654}.Release|Any CPU.Build.0 = Release|Any CPU
	EndGlobalSection
	GlobalSection(SolutionProperties) = preSolution
		HideSolutionNode = FALSE
	EndGlobalSection
	GlobalSection(NestedProjects) = preSolution
		{2ADED722-C05C-44AB-8802-8FB3E35F2834} = {47068B42-0655-4B31-B004-BB4B67DDEA53}
		{6EC64D85-840B-4BA6-A80B-CC31848B172C} = {A994C11C-BC80-4934-AD4F-93E3B9B865D4}
		{3F6FB69B-9D27-43D9-8FDD-2A011A6B5898} = {93120A5C-F6FC-4AAD-A061-A8A7BF11C74B}
		{0385E5C2-6D08-49BE-80B6-7D703EA124E8} = {F4C5AB06-390E-49F2-BC2F-B61C94352094}
		{B33945B9-4BE7-4ADD-8C9D-3D07F22DA654} = {1319625B-DD54-4FE7-8EEF-47988D1BA3B7}
	EndGlobalSection
	GlobalSection(ExtensibilityGlobals) = postSolution
		SolutionGuid = {94094C2D-B448-48BF-AADB-CF76DB57E0BD}
	EndGlobalSection
EndGlobal
